
Microsoft Visual Studio Solution File, Format Version 12.00
# Visual Studio Version 16
VisualStudioVersion = 16.0.29123.88
MinimumVisualStudioVersion = 10.0.40219.1
Project("{FAE04EC0-301F-11D3-BF4B-00C04F79EFBC}") = "PrivateObjectHelper", "PrivateObjectHelper\PrivateObjectHelper.csproj", "{7FF23B2E-ACF6-4ADD-A92A-BB4EB8A9E821}"
EndProject
Global
	GlobalSection(SolutionConfigurationPlatforms) = preSolution
		Debug|Any CPU = Debug|Any CPU
		Release|Any CPU = Release|Any CPU
	EndGlobalSection
	GlobalSection(ProjectConfigurationPlatforms) = postSolution
		{7FF23B2E-ACF6-4ADD-A92A-BB4EB8A9E821}.Debug|Any CPU.ActiveCfg = Debug|Any CPU
		{7FF23B2E-ACF6-4ADD-A92A-BB4EB8A9E821}.Debug|Any CPU.Build.0 = Debug|Any CPU
		{7FF23B2E-ACF6-4ADD-A92A-BB4EB8A9E821}.Release|Any CPU.ActiveCfg = Release|Any CPU
		{7FF23B2E-ACF6-4ADD-A92A-BB4EB8A9E821}.Release|Any CPU.Build.0 = Release|Any CPU
	EndGlobalSection
	GlobalSection(SolutionProperties) = preSolution
		HideSolutionNode = FALSE
	EndGlobalSection
	GlobalSection(ExtensibilityGlobals) = postSolution
		SolutionGuid = {1C341586-2DBA-4C6F-B645-879777C44DDD}
	EndGlobalSection
EndGlobal
